
Microsoft Visual Studio Solution File, Format Version 12.00
# Visual Studio Version 17
VisualStudioVersion = 17.0.31903.59
MinimumVisualStudioVersion = 10.0.40219.1
Project("{2150E333-8FDC-42A3-9474-1A3956D46DE8}") = "src", "src", "{5AAD8A4E-2257-497E-9672-DCBEBD843548}"
EndProject
Project("{FAE04EC0-301F-11D3-BF4B-00C04F79EFBC}") = "Chirp.CLI", "src\Chirp.CLI\Chirp.CLI.csproj", "{B4017931-5DD6-4D07-BB91-B9F8524718E3}"
EndProject
Project("{2150E333-8FDC-42A3-9474-1A3956D46DE8}") = "test", "test", "{485872BE-FBD2-47BE-A5AC-8C7FF4971D47}"
EndProject
Project("{FAE04EC0-301F-11D3-BF4B-00C04F79EFBC}") = "Chirp.CLI.Client.Tests", "test\Chirp.CLI.Client.Tests\Chirp.CLI.Client.Tests.csproj", "{E3BCBF42-5709-47AA-8C03-74B151557432}"
EndProject
Project("{FAE04EC0-301F-11D3-BF4B-00C04F79EFBC}") = "Chirp.CSVDB.Tests", "test\Chirp.CSVDB.Tests\Chirp.CSVDB.Tests.csproj", "{1173E2B5-0A0D-4F1B-95F4-91070BD48F0F}"
EndProject
Project("{FAE04EC0-301F-11D3-BF4B-00C04F79EFBC}") = "CSVDBService", "src\CSVDBService\CSVDBService.csproj", "{2B3C5323-7E92-4902-AD17-D44DDEF8BCAA}"
EndProject
Project("{FAE04EC0-301F-11D3-BF4B-00C04F79EFBC}") = "Chirp.Razor", "src\Chirp.Razor\Chirp.Razor.csproj", "{E59525FC-6595-4CD5-BED8-5B8107BD3A65}"
EndProject
Global
	GlobalSection(SolutionConfigurationPlatforms) = preSolution
		Debug|Any CPU = Debug|Any CPU
		Release|Any CPU = Release|Any CPU
	EndGlobalSection
	GlobalSection(SolutionProperties) = preSolution
		HideSolutionNode = FALSE
	EndGlobalSection
	GlobalSection(ProjectConfigurationPlatforms) = postSolution
		{B4017931-5DD6-4D07-BB91-B9F8524718E3}.Debug|Any CPU.ActiveCfg = Debug|Any CPU
		{B4017931-5DD6-4D07-BB91-B9F8524718E3}.Debug|Any CPU.Build.0 = Debug|Any CPU
		{B4017931-5DD6-4D07-BB91-B9F8524718E3}.Release|Any CPU.ActiveCfg = Release|Any CPU
		{B4017931-5DD6-4D07-BB91-B9F8524718E3}.Release|Any CPU.Build.0 = Release|Any CPU
		{E3BCBF42-5709-47AA-8C03-74B151557432}.Debug|Any CPU.ActiveCfg = Debug|Any CPU
		{E3BCBF42-5709-47AA-8C03-74B151557432}.Debug|Any CPU.Build.0 = Debug|Any CPU
		{E3BCBF42-5709-47AA-8C03-74B151557432}.Release|Any CPU.ActiveCfg = Release|Any CPU
		{E3BCBF42-5709-47AA-8C03-74B151557432}.Release|Any CPU.Build.0 = Release|Any CPU
		{1173E2B5-0A0D-4F1B-95F4-91070BD48F0F}.Debug|Any CPU.ActiveCfg = Debug|Any CPU
		{1173E2B5-0A0D-4F1B-95F4-91070BD48F0F}.Debug|Any CPU.Build.0 = Debug|Any CPU
		{1173E2B5-0A0D-4F1B-95F4-91070BD48F0F}.Release|Any CPU.ActiveCfg = Release|Any CPU
		{1173E2B5-0A0D-4F1B-95F4-91070BD48F0F}.Release|Any CPU.Build.0 = Release|Any CPU
		{2B3C5323-7E92-4902-AD17-D44DDEF8BCAA}.Debug|Any CPU.ActiveCfg = Debug|Any CPU
		{2B3C5323-7E92-4902-AD17-D44DDEF8BCAA}.Debug|Any CPU.Build.0 = Debug|Any CPU
		{2B3C5323-7E92-4902-AD17-D44DDEF8BCAA}.Release|Any CPU.ActiveCfg = Release|Any CPU
		{2B3C5323-7E92-4902-AD17-D44DDEF8BCAA}.Release|Any CPU.Build.0 = Release|Any CPU
		{E59525FC-6595-4CD5-BED8-5B8107BD3A65}.Debug|Any CPU.ActiveCfg = Debug|Any CPU
		{E59525FC-6595-4CD5-BED8-5B8107BD3A65}.Debug|Any CPU.Build.0 = Debug|Any CPU
		{E59525FC-6595-4CD5-BED8-5B8107BD3A65}.Release|Any CPU.ActiveCfg = Release|Any CPU
		{E59525FC-6595-4CD5-BED8-5B8107BD3A65}.Release|Any CPU.Build.0 = Release|Any CPU
	EndGlobalSection
	GlobalSection(NestedProjects) = preSolution
		{B4017931-5DD6-4D07-BB91-B9F8524718E3} = {5AAD8A4E-2257-497E-9672-DCBEBD843548}
		{E3BCBF42-5709-47AA-8C03-74B151557432} = {485872BE-FBD2-47BE-A5AC-8C7FF4971D47}
		{1173E2B5-0A0D-4F1B-95F4-91070BD48F0F} = {485872BE-FBD2-47BE-A5AC-8C7FF4971D47}
		{2B3C5323-7E92-4902-AD17-D44DDEF8BCAA} = {5AAD8A4E-2257-497E-9672-DCBEBD843548}
		{E59525FC-6595-4CD5-BED8-5B8107BD3A65} = {5AAD8A4E-2257-497E-9672-DCBEBD843548}
	EndGlobalSection
EndGlobal
